
Microsoft Visual Studio Solution File, Format Version 12.00
# Visual Studio 2012
Project("{FAE04EC0-301F-11D3-BF4B-00C04F79EFBC}") = "VirtualPath", "VirtualPath\VirtualPath.csproj", "{94B956A2-34C7-45E3-A161-37CF2B7C9DE3}"
EndProject
Project("{FAE04EC0-301F-11D3-BF4B-00C04F79EFBC}") = "VirtualPath.Tests", "VirtualPath.Tests\VirtualPath.Tests.csproj", "{23225E86-B8C9-4789-8BED-384CB8FE0E8A}"
EndProject
Project("{FAE04EC0-301F-11D3-BF4B-00C04F79EFBC}") = "VirtualPath.DropNet", "VirtualPath.DropNet\VirtualPath.DropNet.csproj", "{A83C2601-CFFE-4052-A046-CC99300D8C2C}"
EndProject
Project("{FAE04EC0-301F-11D3-BF4B-00C04F79EFBC}") = "VirtualPath.SshNet", "VirtualPath.SshNet\VirtualPath.SshNet.csproj", "{BBED0618-B3B0-44D0-9181-8B8D1B0F0990}"
EndProject
Project("{FAE04EC0-301F-11D3-BF4B-00C04F79EFBC}") = "VirtualPath.GoogleDrive", "VirtualPath.GoogleDrive\VirtualPath.GoogleDrive.csproj", "{4DA4FEB3-1F44-4DEB-A22F-4087A715734A}"
EndProject
Project("{FAE04EC0-301F-11D3-BF4B-00C04F79EFBC}") = "VirtualPath.AlexFTPS", "VirtualPath.AlexFTPS\VirtualPath.AlexFTPS.csproj", "{E96AD963-CE64-4239-88B3-08E6E22E3A0F}"
EndProject
Project("{2150E333-8FDC-42A3-9474-1A3956D46DE8}") = "Solution Items", "Solution Items", "{FC4D16A5-2051-40D7-B155-C0E73F09D776}"
	ProjectSection(SolutionItems) = preProject
		CommonAssemblyInfo.cs = CommonAssemblyInfo.cs
		Readme.md = Readme.md
	EndProjectSection
EndProject
Project("{FAE04EC0-301F-11D3-BF4B-00C04F79EFBC}") = "VirtualPath.AlexFTPS.Tests", "VirtualPath.AlexFTPS.Tests\VirtualPath.AlexFTPS.Tests.csproj", "{A0B09703-CFF4-46BE-8ABE-D515E2426FB6}"
EndProject
Project("{FAE04EC0-301F-11D3-BF4B-00C04F79EFBC}") = "VirtualPath.DropNet.Tests", "VirtualPath.DropNet.Tests\VirtualPath.DropNet.Tests.csproj", "{3C80995C-619B-49A8-9ED8-959647848E6F}"
EndProject
Project("{FAE04EC0-301F-11D3-BF4B-00C04F79EFBC}") = "VirtualPath.SshNet.Tests", "VirtualPath.SshNet.Tests\VirtualPath.SshNet.Tests.csproj", "{6911F625-1254-466A-9B0C-5F2AB7A0E031}"
EndProject
Project("{FAE04EC0-301F-11D3-BF4B-00C04F79EFBC}") = "VirtualPath.GoogleDrive.Tests", "VirtualPath.GoogleDrive.Tests\VirtualPath.GoogleDrive.Tests.csproj", "{DC8CFF02-0D29-4936-BB22-D319089C4D06}"
EndProject
Project("{FAE04EC0-301F-11D3-BF4B-00C04F79EFBC}") = "VirtualPath.AmazonS3", "VirtualPath.AmazonS3\VirtualPath.AmazonS3.csproj", "{EEA95EEA-68CA-47B5-B9B1-1D22CD5799C7}"
EndProject
Project("{FAE04EC0-301F-11D3-BF4B-00C04F79EFBC}") = "VirtualPath.AmazonS3.Tests", "VirtualPath.AmazonS3.Tests\VirtualPath.AmazonS3.Tests.csproj", "{BEAB4259-A0D6-48CD-83C6-48C82122549C}"
EndProject
Project("{2150E333-8FDC-42A3-9474-1A3956D46DE8}") = "Tests", "Tests", "{D44B8E08-5D72-41D8-9861-01ABB52BAD1C}"
EndProject
Project("{2150E333-8FDC-42A3-9474-1A3956D46DE8}") = ".nuget", ".nuget", "{60CDF123-1C4B-4ED1-8469-E96A15814FFB}"
	ProjectSection(SolutionItems) = preProject
		.nuget\packages.config = .nuget\packages.config
	EndProjectSection
EndProject
Project("{FAE04EC0-301F-11D3-BF4B-00C04F79EFBC}") = "VirtualPath.DotNetZip", "VirtualPath.DotNetZip\VirtualPath.DotNetZip.csproj", "{C9F36E79-E1E6-47AE-804E-CF72D630E58F}"
EndProject
Project("{FAE04EC0-301F-11D3-BF4B-00C04F79EFBC}") = "VirtualPath.DotNetZip.Tests", "VirtualPath.DotNetZip.Tests\VirtualPath.DotNetZip.Tests.csproj", "{C2132D31-78CE-4FDE-B44F-CAE2A81D75C6}"
EndProject
Project("{FAE04EC0-301F-11D3-BF4B-00C04F79EFBC}") = "VirtualPath.EmbeddedResource", "VirtualPath.EmbeddedResource\VirtualPath.EmbeddedResource.csproj", "{951585B5-2D92-4B3B-B825-A3B4FA5D2149}"
EndProject
Project("{FAE04EC0-301F-11D3-BF4B-00C04F79EFBC}") = "VirtualPath.EmbeddedResource.Tests", "VirtualPath.EmbeddedResource.Tests\VirtualPath.EmbeddedResource.Tests.csproj", "{C8C4E799-AC86-4FCC-BA77-A4FD7525691E}"
EndProject
Global
	GlobalSection(SolutionConfigurationPlatforms) = preSolution
		Debug|Any CPU = Debug|Any CPU
		Release|Any CPU = Release|Any CPU
	EndGlobalSection
	GlobalSection(ProjectConfigurationPlatforms) = postSolution
		{94B956A2-34C7-45E3-A161-37CF2B7C9DE3}.Debug|Any CPU.ActiveCfg = Debug|Any CPU
		{94B956A2-34C7-45E3-A161-37CF2B7C9DE3}.Debug|Any CPU.Build.0 = Debug|Any CPU
		{94B956A2-34C7-45E3-A161-37CF2B7C9DE3}.Release|Any CPU.ActiveCfg = Release|Any CPU
		{94B956A2-34C7-45E3-A161-37CF2B7C9DE3}.Release|Any CPU.Build.0 = Release|Any CPU
		{23225E86-B8C9-4789-8BED-384CB8FE0E8A}.Debug|Any CPU.ActiveCfg = Debug|Any CPU
		{23225E86-B8C9-4789-8BED-384CB8FE0E8A}.Debug|Any CPU.Build.0 = Debug|Any CPU
		{23225E86-B8C9-4789-8BED-384CB8FE0E8A}.Release|Any CPU.ActiveCfg = Release|Any CPU
		{23225E86-B8C9-4789-8BED-384CB8FE0E8A}.Release|Any CPU.Build.0 = Release|Any CPU
		{A83C2601-CFFE-4052-A046-CC99300D8C2C}.Debug|Any CPU.ActiveCfg = Debug|Any CPU
		{A83C2601-CFFE-4052-A046-CC99300D8C2C}.Debug|Any CPU.Build.0 = Debug|Any CPU
		{A83C2601-CFFE-4052-A046-CC99300D8C2C}.Release|Any CPU.ActiveCfg = Release|Any CPU
		{A83C2601-CFFE-4052-A046-CC99300D8C2C}.Release|Any CPU.Build.0 = Release|Any CPU
		{BBED0618-B3B0-44D0-9181-8B8D1B0F0990}.Debug|Any CPU.ActiveCfg = Debug|Any CPU
		{BBED0618-B3B0-44D0-9181-8B8D1B0F0990}.Debug|Any CPU.Build.0 = Debug|Any CPU
		{BBED0618-B3B0-44D0-9181-8B8D1B0F0990}.Release|Any CPU.ActiveCfg = Release|Any CPU
		{BBED0618-B3B0-44D0-9181-8B8D1B0F0990}.Release|Any CPU.Build.0 = Release|Any CPU
		{4DA4FEB3-1F44-4DEB-A22F-4087A715734A}.Debug|Any CPU.ActiveCfg = Debug|Any CPU
		{4DA4FEB3-1F44-4DEB-A22F-4087A715734A}.Debug|Any CPU.Build.0 = Debug|Any CPU
		{4DA4FEB3-1F44-4DEB-A22F-4087A715734A}.Release|Any CPU.ActiveCfg = Release|Any CPU
		{4DA4FEB3-1F44-4DEB-A22F-4087A715734A}.Release|Any CPU.Build.0 = Release|Any CPU
		{E96AD963-CE64-4239-88B3-08E6E22E3A0F}.Debug|Any CPU.ActiveCfg = Debug|Any CPU
		{E96AD963-CE64-4239-88B3-08E6E22E3A0F}.Debug|Any CPU.Build.0 = Debug|Any CPU
		{E96AD963-CE64-4239-88B3-08E6E22E3A0F}.Release|Any CPU.ActiveCfg = Release|Any CPU
		{E96AD963-CE64-4239-88B3-08E6E22E3A0F}.Release|Any CPU.Build.0 = Release|Any CPU
		{A0B09703-CFF4-46BE-8ABE-D515E2426FB6}.Debug|Any CPU.ActiveCfg = Debug|Any CPU
		{A0B09703-CFF4-46BE-8ABE-D515E2426FB6}.Debug|Any CPU.Build.0 = Debug|Any CPU
		{A0B09703-CFF4-46BE-8ABE-D515E2426FB6}.Release|Any CPU.ActiveCfg = Release|Any CPU
		{A0B09703-CFF4-46BE-8ABE-D515E2426FB6}.Release|Any CPU.Build.0 = Release|Any CPU
		{3C80995C-619B-49A8-9ED8-959647848E6F}.Debug|Any CPU.ActiveCfg = Debug|Any CPU
		{3C80995C-619B-49A8-9ED8-959647848E6F}.Debug|Any CPU.Build.0 = Debug|Any CPU
		{3C80995C-619B-49A8-9ED8-959647848E6F}.Release|Any CPU.ActiveCfg = Release|Any CPU
		{3C80995C-619B-49A8-9ED8-959647848E6F}.Release|Any CPU.Build.0 = Release|Any CPU
		{6911F625-1254-466A-9B0C-5F2AB7A0E031}.Debug|Any CPU.ActiveCfg = Debug|Any CPU
		{6911F625-1254-466A-9B0C-5F2AB7A0E031}.Debug|Any CPU.Build.0 = Debug|Any CPU
		{6911F625-1254-466A-9B0C-5F2AB7A0E031}.Release|Any CPU.ActiveCfg = Release|Any CPU
		{6911F625-1254-466A-9B0C-5F2AB7A0E031}.Release|Any CPU.Build.0 = Release|Any CPU
		{DC8CFF02-0D29-4936-BB22-D319089C4D06}.Debug|Any CPU.ActiveCfg = Debug|Any CPU
		{DC8CFF02-0D29-4936-BB22-D319089C4D06}.Debug|Any CPU.Build.0 = Debug|Any CPU
		{DC8CFF02-0D29-4936-BB22-D319089C4D06}.Release|Any CPU.ActiveCfg = Release|Any CPU
		{DC8CFF02-0D29-4936-BB22-D319089C4D06}.Release|Any CPU.Build.0 = Release|Any CPU
		{EEA95EEA-68CA-47B5-B9B1-1D22CD5799C7}.Debug|Any CPU.ActiveCfg = Debug|Any CPU
		{EEA95EEA-68CA-47B5-B9B1-1D22CD5799C7}.Debug|Any CPU.Build.0 = Debug|Any CPU
		{EEA95EEA-68CA-47B5-B9B1-1D22CD5799C7}.Release|Any CPU.ActiveCfg = Release|Any CPU
		{EEA95EEA-68CA-47B5-B9B1-1D22CD5799C7}.Release|Any CPU.Build.0 = Release|Any CPU
		{BEAB4259-A0D6-48CD-83C6-48C82122549C}.Debug|Any CPU.ActiveCfg = Debug|Any CPU
		{BEAB4259-A0D6-48CD-83C6-48C82122549C}.Debug|Any CPU.Build.0 = Debug|Any CPU
		{BEAB4259-A0D6-48CD-83C6-48C82122549C}.Release|Any CPU.ActiveCfg = Release|Any CPU
		{BEAB4259-A0D6-48CD-83C6-48C82122549C}.Release|Any CPU.Build.0 = Release|Any CPU
		{C9F36E79-E1E6-47AE-804E-CF72D630E58F}.Debug|Any CPU.ActiveCfg = Debug|Any CPU
		{C9F36E79-E1E6-47AE-804E-CF72D630E58F}.Debug|Any CPU.Build.0 = Debug|Any CPU
		{C9F36E79-E1E6-47AE-804E-CF72D630E58F}.Release|Any CPU.ActiveCfg = Release|Any CPU
		{C9F36E79-E1E6-47AE-804E-CF72D630E58F}.Release|Any CPU.Build.0 = Release|Any CPU
		{C2132D31-78CE-4FDE-B44F-CAE2A81D75C6}.Debug|Any CPU.ActiveCfg = Debug|Any CPU
		{C2132D31-78CE-4FDE-B44F-CAE2A81D75C6}.Debug|Any CPU.Build.0 = Debug|Any CPU
		{C2132D31-78CE-4FDE-B44F-CAE2A81D75C6}.Release|Any CPU.ActiveCfg = Release|Any CPU
		{C2132D31-78CE-4FDE-B44F-CAE2A81D75C6}.Release|Any CPU.Build.0 = Release|Any CPU
		{951585B5-2D92-4B3B-B825-A3B4FA5D2149}.Debug|Any CPU.ActiveCfg = Debug|Any CPU
		{951585B5-2D92-4B3B-B825-A3B4FA5D2149}.Debug|Any CPU.Build.0 = Debug|Any CPU
		{951585B5-2D92-4B3B-B825-A3B4FA5D2149}.Release|Any CPU.ActiveCfg = Release|Any CPU
		{951585B5-2D92-4B3B-B825-A3B4FA5D2149}.Release|Any CPU.Build.0 = Release|Any CPU
		{C8C4E799-AC86-4FCC-BA77-A4FD7525691E}.Debug|Any CPU.ActiveCfg = Debug|Any CPU
		{C8C4E799-AC86-4FCC-BA77-A4FD7525691E}.Debug|Any CPU.Build.0 = Debug|Any CPU
		{C8C4E799-AC86-4FCC-BA77-A4FD7525691E}.Release|Any CPU.ActiveCfg = Release|Any CPU
		{C8C4E799-AC86-4FCC-BA77-A4FD7525691E}.Release|Any CPU.Build.0 = Release|Any CPU
	EndGlobalSection
	GlobalSection(SolutionProperties) = preSolution
		HideSolutionNode = FALSE
	EndGlobalSection
	GlobalSection(NestedProjects) = preSolution
		{A0B09703-CFF4-46BE-8ABE-D515E2426FB6} = {D44B8E08-5D72-41D8-9861-01ABB52BAD1C}
		{3C80995C-619B-49A8-9ED8-959647848E6F} = {D44B8E08-5D72-41D8-9861-01ABB52BAD1C}
		{6911F625-1254-466A-9B0C-5F2AB7A0E031} = {D44B8E08-5D72-41D8-9861-01ABB52BAD1C}
		{DC8CFF02-0D29-4936-BB22-D319089C4D06} = {D44B8E08-5D72-41D8-9861-01ABB52BAD1C}
		{BEAB4259-A0D6-48CD-83C6-48C82122549C} = {D44B8E08-5D72-41D8-9861-01ABB52BAD1C}
		{23225E86-B8C9-4789-8BED-384CB8FE0E8A} = {D44B8E08-5D72-41D8-9861-01ABB52BAD1C}
		{C2132D31-78CE-4FDE-B44F-CAE2A81D75C6} = {D44B8E08-5D72-41D8-9861-01ABB52BAD1C}
		{C8C4E799-AC86-4FCC-BA77-A4FD7525691E} = {D44B8E08-5D72-41D8-9861-01ABB52BAD1C}
	EndGlobalSection
EndGlobal
